{
  "nodes": {
    "nixpkgs": {
      "locked": {
        "lastModified": 1621817699,
        "narHash": "sha256-4g2GUbimiNZx6E8HfXtXGTyYx4Of5Wzye/ox7LXbHUw=",
        "owner": "NixOS",
        "repo": "nixpkgs",
        "rev": "fc6084c0aff25446f925e6587ec193aae2d01ee9",
        "type": "github"
      },
      "original": {
        "id": "nixpkgs",
        "type": "indirect"
      }
    },
    "root": {
      "inputs": {
        "nixpkgs": "nixpkgs",
        "utils": "utils"
      }
    },
    "utils": {
      "locked": {
        "lastModified": 1620759905,
        "narHash": "sha256-WiyWawrgmyN0EdmiHyG2V+fqReiVi8bM9cRdMaKQOFg=",
        "owner": "numtide",
        "repo": "flake-utils",
        "rev": "b543720b25df6ffdfcf9227afafc5b8c1fabfae8",
        "type": "github"
      },
      "original": {
        "owner": "numtide",
        "repo": "flake-utils",
        "type": "github"
      }
    }
  },
  "root": "root",
  "version": 7
}
